
Microsoft Visual Studio Solution File, Format Version 12.00
# Visual Studio Version 17
VisualStudioVersion = 17.10.35122.118
MinimumVisualStudioVersion = 10.0.40219.1
Project("{FAE04EC0-301F-11D3-BF4B-00C04F79EFBC}") = "WebApplication1", "WebApplication1.csproj", "{5AB53AC8-2FD2-4884-A2AA-75F1DCD5984E}"
EndProject
Global
	GlobalSection(SolutionConfigurationPlatforms) = preSolution
		Debug|Any CPU = Debug|Any CPU
		Release|Any CPU = Release|Any CPU
	EndGlobalSection
	GlobalSection(ProjectConfigurationPlatforms) = postSolution
		{5AB53AC8-2FD2-4884-A2AA-75F1DCD5984E}.Debug|Any CPU.ActiveCfg = Debug|Any CPU
		{5AB53AC8-2FD2-4884-A2AA-75F1DCD5984E}.Debug|Any CPU.Build.0 = Debug|Any CPU
		{5AB53AC8-2FD2-4884-A2AA-75F1DCD5984E}.Release|Any CPU.ActiveCfg = Release|Any CPU
		{5AB53AC8-2FD2-4884-A2AA-75F1DCD5984E}.Release|Any CPU.Build.0 = Release|Any CPU
	EndGlobalSection
	GlobalSection(SolutionProperties) = preSolution
		HideSolutionNode = FALSE
	EndGlobalSection
	GlobalSection(ExtensibilityGlobals) = postSolution
		SolutionGuid = {2290B707-6BFF-446C-846B-4C9C3BF36390}
	EndGlobalSection
EndGlobal
